<?xml version="1.0" encoding="utf-8"?>
<Project ToolsVersion="4.0" xmlns="http://schemas.microsoft.com/developer/msbuild/2003">
  <ItemGroup>
    <Filter Include="Source Files">
      <UniqueIdentifier>{4FC737F1-C7A5-4376-A066-2A32D752A2FF}</UniqueIdentifier>
      <Extensions>cpp;c;cc;cxx;def;odl;idl;hpj;bat;asm;asmx</Extensions>
    </Filter>
    <Filter Include="Header Files">
      <UniqueIdentifier>{93995380-89BD-4b04-88EB-625FBE52EBFB}</UniqueIdentifier>
      <Extensions>h;hh;hpp;hxx;hm;inl;inc;xsd</Extensions>
    </Filter>
    <Filter Include="Resource Files">
      <UniqueIdentifier>{67DA6AB6-F800-4c08-8B7A-83BB121AAD01}</UniqueIdentifier>
      <Extensions>rc;ico;cur;bmp;dlg;rc2;rct;bin;rgs;gif;jpg;jpeg;jpe;resx;tiff;tif;png;wav</Extensions>
    </Filter>
  </ItemGroup>
  <ItemGroup>
    <ClCompile Include="main.cpp">
      <Filter>Source Files</Filter>
    </ClCompile>
    <ClCompile Include="domain\accountmanagement\UserAccounts.cpp">
      <Filter>Source Files</Filter>
    </ClCompile>
    <ClCompile Include="domain\prescriptions\CVSPrescription.cpp">
      <Filter>Source Files</Filter>
    </ClCompile>
    <ClCompile Include="domain\prescriptions\PrescriptionHandler.cpp">
      <Filter>Source Files</Filter>
    </ClCompile>
    <ClCompile Include="domain\prescriptions\StJosephsPrescription.cpp">
      <Filter>Source Files</Filter>
    </ClCompile>
    <ClCompile Include="domain\records\AppointmentRecords.cpp">
      <Filter>Source Files</Filter>
    </ClCompile>
    <ClCompile Include="domain\records\PatientRecords.cpp">
      <Filter>Source Files</Filter>
    </ClCompile>
    <ClCompile Include="domain\records\VisitRecords.cpp">
      <Filter>Source Files</Filter>
    </ClCompile>
    <ClCompile Include="domain\sessions\Session.cpp">
      <Filter>Source Files</Filter>
    </ClCompile>
    <ClCompile Include="technicalservices\persistence\SimpleDB.cpp">
      <Filter>Source Files</Filter>
    </ClCompile>
    <ClCompile Include="ui\SimpleUI.cpp">
      <Filter>Source Files</Filter>
    </ClCompile>
  </ItemGroup>
  <ItemGroup>
    <ClInclude Include="domain\accountmanagement\AccountManagementHandler.hpp">
      <Filter>Header Files</Filter>
    </ClInclude>
    <ClInclude Include="domain\accountmanagement\UserAccounts.hpp">
      <Filter>Header Files</Filter>
    </ClInclude>
    <ClInclude Include="domain\prescriptions\CVSPrescription.hpp">
      <Filter>Header Files</Filter>
    </ClInclude>
    <ClInclude Include="domain\prescriptions\PrescriptionHandler.hpp">
      <Filter>Header Files</Filter>
    </ClInclude>
    <ClInclude Include="domain\prescriptions\StJosephsPrescription.hpp">
      <Filter>Header Files</Filter>
    </ClInclude>
    <ClInclude Include="domain\records\AppointmentRecords.hpp">
      <Filter>Header Files</Filter>
    </ClInclude>
    <ClInclude Include="domain\records\PatientRecords.hpp">
      <Filter>Header Files</Filter>
    </ClInclude>
    <ClInclude Include="domain\records\RecordHandler.hpp">
      <Filter>Header Files</Filter>
    </ClInclude>
    <ClInclude Include="domain\records\VisitRecords.hpp">
      <Filter>Header Files</Filter>
    </ClInclude>
    <ClInclude Include="domain\sessions\AnalystSession.hpp">
      <Filter>Header Files</Filter>
    </ClInclude>
    <ClInclude Include="domain\sessions\DoctorSession.hpp">
      <Filter>Header Files</Filter>
    </ClInclude>
    <ClInclude Include="domain\sessions\ReceptionistSession.hpp">
      <Filter>Header Files</Filter>
    </ClInclude>
    <ClInclude Include="domain\sessions\Session.hpp">
      <Filter>Header Files</Filter>
    </ClInclude>
    <ClInclude Include="technicalservices\logging\LoggerHandler.hpp">
      <Filter>Header Files</Filter>
    </ClInclude>
    <ClInclude Include="technicalservices\logging\SimpleLogger.hpp">
      <Filter>Header Files</Filter>
    </ClInclude>
    <ClInclude Include="technicalservices\persistence\PersistenceHandler.hpp">
      <Filter>Header Files</Filter>
    </ClInclude>
    <ClInclude Include="technicalservices\persistence\SimpleDB.hpp">
      <Filter>Header Files</Filter>
    </ClInclude>
    <ClInclude Include="ui\SimpleUI.hpp">
      <Filter>Header Files</Filter>
    </ClInclude>
    <ClInclude Include="ui\UserInterfaceHandler.hpp">
      <Filter>Header Files</Filter>
    </ClInclude>
  </ItemGroup>
</Project>